
Microsoft Visual Studio Solution File, Format Version 12.00
# Visual Studio 15
VisualStudioVersion = 15.0.28010.2050
MinimumVisualStudioVersion = 10.0.40219.1
Project("{FAE04EC0-301F-11D3-BF4B-00C04F79EFBC}") = "AppMovil.Android", "AppMovil\AppMovil.Android\AppMovil.Android.csproj", "{0EFCDAA8-902D-4D79-B535-D198EE77D4AA}"
EndProject
Project("{FAE04EC0-301F-11D3-BF4B-00C04F79EFBC}") = "AppMovil.iOS", "AppMovil\AppMovil.iOS\AppMovil.iOS.csproj", "{54C88198-4404-4938-A7F2-C2A2AE50B929}"
EndProject
Project("{9A19103F-16F7-4668-BE54-9A1E7A4F7556}") = "AppMovil", "AppMovil\AppMovil\AppMovil.csproj", "{5DCC3B65-291F-4DCC-B6FD-98A1E56B197E}"
EndProject
Project("{FAE04EC0-301F-11D3-BF4B-00C04F79EFBC}") = "WApi", "WApi\WApi.csproj", "{69E2ACA1-56F8-4938-B4B0-53B4F859B7A3}"
EndProject
Global
	GlobalSection(SolutionConfigurationPlatforms) = preSolution
		Ad-Hoc|Any CPU = Ad-Hoc|Any CPU
		Ad-Hoc|iPhone = Ad-Hoc|iPhone
		Ad-Hoc|iPhoneSimulator = Ad-Hoc|iPhoneSimulator
		AppStore|Any CPU = AppStore|Any CPU
		AppStore|iPhone = AppStore|iPhone
		AppStore|iPhoneSimulator = AppStore|iPhoneSimulator
		Debug|Any CPU = Debug|Any CPU
		Debug|iPhone = Debug|iPhone
		Debug|iPhoneSimulator = Debug|iPhoneSimulator
		Release|Any CPU = Release|Any CPU
		Release|iPhone = Release|iPhone
		Release|iPhoneSimulator = Release|iPhoneSimulator
	EndGlobalSection
	GlobalSection(ProjectConfigurationPlatforms) = postSolution
		{0EFCDAA8-902D-4D79-B535-D198EE77D4AA}.Ad-Hoc|Any CPU.ActiveCfg = Release|Any CPU
		{0EFCDAA8-902D-4D79-B535-D198EE77D4AA}.Ad-Hoc|Any CPU.Build.0 = Release|Any CPU
		{0EFCDAA8-902D-4D79-B535-D198EE77D4AA}.Ad-Hoc|Any CPU.Deploy.0 = Release|Any CPU
		{0EFCDAA8-902D-4D79-B535-D198EE77D4AA}.Ad-Hoc|iPhone.ActiveCfg = Release|Any CPU
		{0EFCDAA8-902D-4D79-B535-D198EE77D4AA}.Ad-Hoc|iPhone.Build.0 = Release|Any CPU
		{0EFCDAA8-902D-4D79-B535-D198EE77D4AA}.Ad-Hoc|iPhone.Deploy.0 = Release|Any CPU
		{0EFCDAA8-902D-4D79-B535-D198EE77D4AA}.Ad-Hoc|iPhoneSimulator.ActiveCfg = Release|Any CPU
		{0EFCDAA8-902D-4D79-B535-D198EE77D4AA}.Ad-Hoc|iPhoneSimulator.Build.0 = Release|Any CPU
		{0EFCDAA8-902D-4D79-B535-D198EE77D4AA}.Ad-Hoc|iPhoneSimulator.Deploy.0 = Release|Any CPU
		{0EFCDAA8-902D-4D79-B535-D198EE77D4AA}.AppStore|Any CPU.ActiveCfg = Release|Any CPU
		{0EFCDAA8-902D-4D79-B535-D198EE77D4AA}.AppStore|Any CPU.Build.0 = Release|Any CPU
		{0EFCDAA8-902D-4D79-B535-D198EE77D4AA}.AppStore|Any CPU.Deploy.0 = Release|Any CPU
		{0EFCDAA8-902D-4D79-B535-D198EE77D4AA}.AppStore|iPhone.ActiveCfg = Release|Any CPU
		{0EFCDAA8-902D-4D79-B535-D198EE77D4AA}.AppStore|iPhone.Build.0 = Release|Any CPU
		{0EFCDAA8-902D-4D79-B535-D198EE77D4AA}.AppStore|iPhone.Deploy.0 = Release|Any CPU
		{0EFCDAA8-902D-4D79-B535-D198EE77D4AA}.AppStore|iPhoneSimulator.ActiveCfg = Release|Any CPU
		{0EFCDAA8-902D-4D79-B535-D198EE77D4AA}.AppStore|iPhoneSimulator.Build.0 = Release|Any CPU
		{0EFCDAA8-902D-4D79-B535-D198EE77D4AA}.AppStore|iPhoneSimulator.Deploy.0 = Release|Any CPU
		{0EFCDAA8-902D-4D79-B535-D198EE77D4AA}.Debug|Any CPU.ActiveCfg = Debug|Any CPU
		{0EFCDAA8-902D-4D79-B535-D198EE77D4AA}.Debug|Any CPU.Build.0 = Debug|Any CPU
		{0EFCDAA8-902D-4D79-B535-D198EE77D4AA}.Debug|Any CPU.Deploy.0 = Debug|Any CPU
		{0EFCDAA8-902D-4D79-B535-D198EE77D4AA}.Debug|iPhone.ActiveCfg = Debug|Any CPU
		{0EFCDAA8-902D-4D79-B535-D198EE77D4AA}.Debug|iPhone.Build.0 = Debug|Any CPU
		{0EFCDAA8-902D-4D79-B535-D198EE77D4AA}.Debug|iPhone.Deploy.0 = Debug|Any CPU
		{0EFCDAA8-902D-4D79-B535-D198EE77D4AA}.Debug|iPhoneSimulator.ActiveCfg = Debug|Any CPU
		{0EFCDAA8-902D-4D79-B535-D198EE77D4AA}.Debug|iPhoneSimulator.Build.0 = Debug|Any CPU
		{0EFCDAA8-902D-4D79-B535-D198EE77D4AA}.Debug|iPhoneSimulator.Deploy.0 = Debug|Any CPU
		{0EFCDAA8-902D-4D79-B535-D198EE77D4AA}.Release|Any CPU.ActiveCfg = Release|Any CPU
		{0EFCDAA8-902D-4D79-B535-D198EE77D4AA}.Release|Any CPU.Build.0 = Release|Any CPU
		{0EFCDAA8-902D-4D79-B535-D198EE77D4AA}.Release|Any CPU.Deploy.0 = Release|Any CPU
		{0EFCDAA8-902D-4D79-B535-D198EE77D4AA}.Release|iPhone.ActiveCfg = Release|Any CPU
		{0EFCDAA8-902D-4D79-B535-D198EE77D4AA}.Release|iPhone.Build.0 = Release|Any CPU
		{0EFCDAA8-902D-4D79-B535-D198EE77D4AA}.Release|iPhone.Deploy.0 = Release|Any CPU
		{0EFCDAA8-902D-4D79-B535-D198EE77D4AA}.Release|iPhoneSimulator.ActiveCfg = Release|Any CPU
		{0EFCDAA8-902D-4D79-B535-D198EE77D4AA}.Release|iPhoneSimulator.Build.0 = Release|Any CPU
		{0EFCDAA8-902D-4D79-B535-D198EE77D4AA}.Release|iPhoneSimulator.Deploy.0 = Release|Any CPU
		{54C88198-4404-4938-A7F2-C2A2AE50B929}.Ad-Hoc|Any CPU.ActiveCfg = Ad-Hoc|iPhone
		{54C88198-4404-4938-A7F2-C2A2AE50B929}.Ad-Hoc|Any CPU.Build.0 = Ad-Hoc|iPhone
		{54C88198-4404-4938-A7F2-C2A2AE50B929}.Ad-Hoc|Any CPU.Deploy.0 = Ad-Hoc|iPhone
		{54C88198-4404-4938-A7F2-C2A2AE50B929}.Ad-Hoc|iPhone.ActiveCfg = Ad-Hoc|iPhone
		{54C88198-4404-4938-A7F2-C2A2AE50B929}.Ad-Hoc|iPhone.Build.0 = Ad-Hoc|iPhone
		{54C88198-4404-4938-A7F2-C2A2AE50B929}.Ad-Hoc|iPhone.Deploy.0 = Ad-Hoc|iPhone
		{54C88198-4404-4938-A7F2-C2A2AE50B929}.Ad-Hoc|iPhoneSimulator.ActiveCfg = Ad-Hoc|iPhoneSimulator
		{54C88198-4404-4938-A7F2-C2A2AE50B929}.Ad-Hoc|iPhoneSimulator.Build.0 = Ad-Hoc|iPhoneSimulator
		{54C88198-4404-4938-A7F2-C2A2AE50B929}.Ad-Hoc|iPhoneSimulator.Deploy.0 = Ad-Hoc|iPhoneSimulator
		{54C88198-4404-4938-A7F2-C2A2AE50B929}.AppStore|Any CPU.ActiveCfg = AppStore|iPhone
		{54C88198-4404-4938-A7F2-C2A2AE50B929}.AppStore|Any CPU.Build.0 = AppStore|iPhone
		{54C88198-4404-4938-A7F2-C2A2AE50B929}.AppStore|Any CPU.Deploy.0 = AppStore|iPhone
		{54C88198-4404-4938-A7F2-C2A2AE50B929}.AppStore|iPhone.ActiveCfg = AppStore|iPhone
		{54C88198-4404-4938-A7F2-C2A2AE50B929}.AppStore|iPhone.Build.0 = AppStore|iPhone
		{54C88198-4404-4938-A7F2-C2A2AE50B929}.AppStore|iPhone.Deploy.0 = AppStore|iPhone
		{54C88198-4404-4938-A7F2-C2A2AE50B929}.AppStore|iPhoneSimulator.ActiveCfg = AppStore|iPhoneSimulator
		{54C88198-4404-4938-A7F2-C2A2AE50B929}.AppStore|iPhoneSimulator.Build.0 = AppStore|iPhoneSimulator
		{54C88198-4404-4938-A7F2-C2A2AE50B929}.AppStore|iPhoneSimulator.Deploy.0 = AppStore|iPhoneSimulator
		{54C88198-4404-4938-A7F2-C2A2AE50B929}.Debug|Any CPU.ActiveCfg = Debug|iPhoneSimulator
		{54C88198-4404-4938-A7F2-C2A2AE50B929}.Debug|Any CPU.Build.0 = Debug|iPhoneSimulator
		{54C88198-4404-4938-A7F2-C2A2AE50B929}.Debug|Any CPU.Deploy.0 = Debug|iPhoneSimulator
		{54C88198-4404-4938-A7F2-C2A2AE50B929}.Debug|iPhone.ActiveCfg = Debug|iPhone
		{54C88198-4404-4938-A7F2-C2A2AE50B929}.Debug|iPhone.Build.0 = Debug|iPhone
		{54C88198-4404-4938-A7F2-C2A2AE50B929}.Debug|iPhone.Deploy.0 = Debug|iPhone
		{54C88198-4404-4938-A7F2-C2A2AE50B929}.Debug|iPhoneSimulator.ActiveCfg = Debug|iPhoneSimulator
		{54C88198-4404-4938-A7F2-C2A2AE50B929}.Debug|iPhoneSimulator.Build.0 = Debug|iPhoneSimulator
		{54C88198-4404-4938-A7F2-C2A2AE50B929}.Debug|iPhoneSimulator.Deploy.0 = Debug|iPhoneSimulator
		{54C88198-4404-4938-A7F2-C2A2AE50B929}.Release|Any CPU.ActiveCfg = Release|iPhone
		{54C88198-4404-4938-A7F2-C2A2AE50B929}.Release|Any CPU.Build.0 = Release|iPhone
		{54C88198-4404-4938-A7F2-C2A2AE50B929}.Release|Any CPU.Deploy.0 = Release|iPhone
		{54C88198-4404-4938-A7F2-C2A2AE50B929}.Release|iPhone.ActiveCfg = Release|iPhone
		{54C88198-4404-4938-A7F2-C2A2AE50B929}.Release|iPhone.Build.0 = Release|iPhone
		{54C88198-4404-4938-A7F2-C2A2AE50B929}.Release|iPhone.Deploy.0 = Release|iPhone
		{54C88198-4404-4938-A7F2-C2A2AE50B929}.Release|iPhoneSimulator.ActiveCfg = Release|iPhoneSimulator
		{54C88198-4404-4938-A7F2-C2A2AE50B929}.Release|iPhoneSimulator.Build.0 = Release|iPhoneSimulator
		{54C88198-4404-4938-A7F2-C2A2AE50B929}.Release|iPhoneSimulator.Deploy.0 = Release|iPhoneSimulator
		{5DCC3B65-291F-4DCC-B6FD-98A1E56B197E}.Ad-Hoc|Any CPU.ActiveCfg = Debug|Any CPU
		{5DCC3B65-291F-4DCC-B6FD-98A1E56B197E}.Ad-Hoc|Any CPU.Build.0 = Debug|Any CPU
		{5DCC3B65-291F-4DCC-B6FD-98A1E56B197E}.Ad-Hoc|Any CPU.Deploy.0 = Debug|Any CPU
		{5DCC3B65-291F-4DCC-B6FD-98A1E56B197E}.Ad-Hoc|iPhone.ActiveCfg = Debug|Any CPU
		{5DCC3B65-291F-4DCC-B6FD-98A1E56B197E}.Ad-Hoc|iPhone.Build.0 = Debug|Any CPU
		{5DCC3B65-291F-4DCC-B6FD-98A1E56B197E}.Ad-Hoc|iPhone.Deploy.0 = Debug|Any CPU
		{5DCC3B65-291F-4DCC-B6FD-98A1E56B197E}.Ad-Hoc|iPhoneSimulator.ActiveCfg = Debug|Any CPU
		{5DCC3B65-291F-4DCC-B6FD-98A1E56B197E}.Ad-Hoc|iPhoneSimulator.Build.0 = Debug|Any CPU
		{5DCC3B65-291F-4DCC-B6FD-98A1E56B197E}.Ad-Hoc|iPhoneSimulator.Deploy.0 = Debug|Any CPU
		{5DCC3B65-291F-4DCC-B6FD-98A1E56B197E}.AppStore|Any CPU.ActiveCfg = Debug|Any CPU
		{5DCC3B65-291F-4DCC-B6FD-98A1E56B197E}.AppStore|Any CPU.Build.0 = Debug|Any CPU
		{5DCC3B65-291F-4DCC-B6FD-98A1E56B197E}.AppStore|Any CPU.Deploy.0 = Debug|Any CPU
		{5DCC3B65-291F-4DCC-B6FD-98A1E56B197E}.AppStore|iPhone.ActiveCfg = Debug|Any CPU
		{5DCC3B65-291F-4DCC-B6FD-98A1E56B197E}.AppStore|iPhone.Build.0 = Debug|Any CPU
		{5DCC3B65-291F-4DCC-B6FD-98A1E56B197E}.AppStore|iPhone.Deploy.0 = Debug|Any CPU
		{5DCC3B65-291F-4DCC-B6FD-98A1E56B197E}.AppStore|iPhoneSimulator.ActiveCfg = Debug|Any CPU
		{5DCC3B65-291F-4DCC-B6FD-98A1E56B197E}.AppStore|iPhoneSimulator.Build.0 = Debug|Any CPU
		{5DCC3B65-291F-4DCC-B6FD-98A1E56B197E}.AppStore|iPhoneSimulator.Deploy.0 = Debug|Any CPU
		{5DCC3B65-291F-4DCC-B6FD-98A1E56B197E}.Debug|Any CPU.ActiveCfg = Debug|Any CPU
		{5DCC3B65-291F-4DCC-B6FD-98A1E56B197E}.Debug|Any CPU.Build.0 = Debug|Any CPU
		{5DCC3B65-291F-4DCC-B6FD-98A1E56B197E}.Debug|Any CPU.Deploy.0 = Debug|Any CPU
		{5DCC3B65-291F-4DCC-B6FD-98A1E56B197E}.Debug|iPhone.ActiveCfg = Debug|Any CPU
		{5DCC3B65-291F-4DCC-B6FD-98A1E56B197E}.Debug|iPhone.Build.0 = Debug|Any CPU
		{5DCC3B65-291F-4DCC-B6FD-98A1E56B197E}.Debug|iPhone.Deploy.0 = Debug|Any CPU
		{5DCC3B65-291F-4DCC-B6FD-98A1E56B197E}.Debug|iPhoneSimulator.ActiveCfg = Debug|Any CPU
		{5DCC3B65-291F-4DCC-B6FD-98A1E56B197E}.Debug|iPhoneSimulator.Build.0 = Debug|Any CPU
		{5DCC3B65-291F-4DCC-B6FD-98A1E56B197E}.Debug|iPhoneSimulator.Deploy.0 = Debug|Any CPU
		{5DCC3B65-291F-4DCC-B6FD-98A1E56B197E}.Release|Any CPU.ActiveCfg = Release|Any CPU
		{5DCC3B65-291F-4DCC-B6FD-98A1E56B197E}.Release|Any CPU.Build.0 = Release|Any CPU
		{5DCC3B65-291F-4DCC-B6FD-98A1E56B197E}.Release|Any CPU.Deploy.0 = Release|Any CPU
		{5DCC3B65-291F-4DCC-B6FD-98A1E56B197E}.Release|iPhone.ActiveCfg = Release|Any CPU
		{5DCC3B65-291F-4DCC-B6FD-98A1E56B197E}.Release|iPhone.Build.0 = Release|Any CPU
		{5DCC3B65-291F-4DCC-B6FD-98A1E56B197E}.Release|iPhone.Deploy.0 = Release|Any CPU
		{5DCC3B65-291F-4DCC-B6FD-98A1E56B197E}.Release|iPhoneSimulator.ActiveCfg = Release|Any CPU
		{5DCC3B65-291F-4DCC-B6FD-98A1E56B197E}.Release|iPhoneSimulator.Build.0 = Release|Any CPU
		{5DCC3B65-291F-4DCC-B6FD-98A1E56B197E}.Release|iPhoneSimulator.Deploy.0 = Release|Any CPU
		{69E2ACA1-56F8-4938-B4B0-53B4F859B7A3}.Ad-Hoc|Any CPU.ActiveCfg = Release|Any CPU
		{69E2ACA1-56F8-4938-B4B0-53B4F859B7A3}.Ad-Hoc|Any CPU.Build.0 = Release|Any CPU
		{69E2ACA1-56F8-4938-B4B0-53B4F859B7A3}.Ad-Hoc|iPhone.ActiveCfg = Release|Any CPU
		{69E2ACA1-56F8-4938-B4B0-53B4F859B7A3}.Ad-Hoc|iPhone.Build.0 = Release|Any CPU
		{69E2ACA1-56F8-4938-B4B0-53B4F859B7A3}.Ad-Hoc|iPhoneSimulator.ActiveCfg = Release|Any CPU
		{69E2ACA1-56F8-4938-B4B0-53B4F859B7A3}.Ad-Hoc|iPhoneSimulator.Build.0 = Release|Any CPU
		{69E2ACA1-56F8-4938-B4B0-53B4F859B7A3}.AppStore|Any CPU.ActiveCfg = Release|Any CPU
		{69E2ACA1-56F8-4938-B4B0-53B4F859B7A3}.AppStore|Any CPU.Build.0 = Release|Any CPU
		{69E2ACA1-56F8-4938-B4B0-53B4F859B7A3}.AppStore|iPhone.ActiveCfg = Release|Any CPU
		{69E2ACA1-56F8-4938-B4B0-53B4F859B7A3}.AppStore|iPhone.Build.0 = Release|Any CPU
		{69E2ACA1-56F8-4938-B4B0-53B4F859B7A3}.AppStore|iPhoneSimulator.ActiveCfg = Release|Any CPU
		{69E2ACA1-56F8-4938-B4B0-53B4F859B7A3}.AppStore|iPhoneSimulator.Build.0 = Release|Any CPU
		{69E2ACA1-56F8-4938-B4B0-53B4F859B7A3}.Debug|Any CPU.ActiveCfg = Debug|Any CPU
		{69E2ACA1-56F8-4938-B4B0-53B4F859B7A3}.Debug|Any CPU.Build.0 = Debug|Any CPU
		{69E2ACA1-56F8-4938-B4B0-53B4F859B7A3}.Debug|iPhone.ActiveCfg = Debug|Any CPU
		{69E2ACA1-56F8-4938-B4B0-53B4F859B7A3}.Debug|iPhone.Build.0 = Debug|Any CPU
		{69E2ACA1-56F8-4938-B4B0-53B4F859B7A3}.Debug|iPhoneSimulator.ActiveCfg = Debug|Any CPU
		{69E2ACA1-56F8-4938-B4B0-53B4F859B7A3}.Debug|iPhoneSimulator.Build.0 = Debug|Any CPU
		{69E2ACA1-56F8-4938-B4B0-53B4F859B7A3}.Release|Any CPU.ActiveCfg = Release|Any CPU
		{69E2ACA1-56F8-4938-B4B0-53B4F859B7A3}.Release|Any CPU.Build.0 = Release|Any CPU
		{69E2ACA1-56F8-4938-B4B0-53B4F859B7A3}.Release|iPhone.ActiveCfg = Release|Any CPU
		{69E2ACA1-56F8-4938-B4B0-53B4F859B7A3}.Release|iPhone.Build.0 = Release|Any CPU
		{69E2ACA1-56F8-4938-B4B0-53B4F859B7A3}.Release|iPhoneSimulator.ActiveCfg = Release|Any CPU
		{69E2ACA1-56F8-4938-B4B0-53B4F859B7A3}.Release|iPhoneSimulator.Build.0 = Release|Any CPU
	EndGlobalSection
	GlobalSection(SolutionProperties) = preSolution
		HideSolutionNode = FALSE
	EndGlobalSection
	GlobalSection(ExtensibilityGlobals) = postSolution
		SolutionGuid = {87DD74A2-FFFF-4D47-962C-63D034FC68DD}
	EndGlobalSection
EndGlobal
